// !$*UTF8*$!
{
	archiveVersion = 1;
	classes = {
	};
	objectVersion = 46;
	objects = {

/* Begin PBXBuildFile section */
		DCC889711BAEF09400271261 /* AppDelegate.swift in Sources */ = {isa = PBXBuildFile; fileRef = DCC889701BAEF09400271261 /* AppDelegate.swift */; };
		DCC889731BAEF09400271261 /* ViewController.swift in Sources */ = {isa = PBXBuildFile; fileRef = DCC889721BAEF09400271261 /* ViewController.swift */; };
		DCC889761BAEF09400271261 /* Main.storyboard in Resources */ = {isa = PBXBuildFile; fileRef = DCC889741BAEF09400271261 /* Main.storyboard */; };
		DCC889781BAEF09400271261 /* Assets.xcassets in Resources */ = {isa = PBXBuildFile; fileRef = DCC889771BAEF09400271261 /* Assets.xcassets */; };
		DCC8897B1BAEF09400271261 /* LaunchScreen.storyboard in Resources */ = {isa = PBXBuildFile; fileRef = DCC889791BAEF09400271261 /* LaunchScreen.storyboard */; };
		DCC889831BAEF0A200271261 /* background.png in Resources */ = {isa = PBXBuildFile; fileRef = DCC889821BAEF0A200271261 /* background.png */; settings = {ASSET_TAGS = (); }; };
/* End PBXBuildFile section */

/* Begin PBXFileReference section */
		DCC8896D1BAEF09400271261 /* What's the Weather.app */ = {isa = PBXFileReference; explicitFileType = wrapper.application; includeInIndex = 0; path = "What's the Weather.app"; sourceTree = BUILT_PRODUCTS_DIR; };
		DCC889701BAEF09400271261 /* AppDelegate.swift */ = {isa = PBXFileReference; lastKnownFileType = sourcecode.swift; path = AppDelegate.swift; sourceTree = "<group>"; };
		DCC889721BAEF09400271261 /* ViewController.swift */ = {isa = PBXFileReference; lastKnownFileType = sourcecode.swift; path = ViewController.swift; sourceTree = "<group>"; };
		DCC889751BAEF09400271261 /* Base */ = {isa = PBXFileReference; lastKnownFileType = file.storyboard; name = Base; path = Base.lproj/Main.storyboard; sourceTree = "<group>"; };
		DCC889771BAEF09400271261 /* Assets.xcassets */ = {isa = PBXFileReference; lastKnownFileType = folder.assetcatalog; path = Assets.xcassets; sourceTree = "<group>"; };
		DCC8897A1BAEF09400271261 /* Base */ = {isa = PBXFileReference; lastKnownFileType = file.storyboard; name = Base; path = Base.lproj/LaunchScreen.storyboard; sourceTree = "<group>"; };
		DCC8897C1BAEF09400271261 /* Info.plist */ = {isa = PBXFileReference; lastKnownFileType = text.plist.xml; path = Info.plist; sourceTree = "<group>"; };
		DCC889821BAEF0A200271261 /* background.png */ = {isa = PBXFileReference; lastKnownFileType = image.png; path = background.png; sourceTree = "<group>"; };
/* End PBXFileReference section */

/* Begin PBXFrameworksBuildPhase section */
		DCC8896A1BAEF09400271261 /* Frameworks */ = {
			isa = PBXFrameworksBuildPhase;
			buildActionMask = 2147483647;
			files = (
			);
			runOnlyForDeploymentPostprocessing = 0;
		};
/* End PBXFrameworksBuildPhase section */

/* Begin PBXGroup section */
		DCC889641BAEF09300271261 = {
			isa = PBXGroup;
			children = (
				DCC8896F1BAEF09400271261 /* What's the Weather */,
				DCC8896E1BAEF09400271261 /* Products */,
			);
			sourceTree = "<group>";
		};
		DCC8896E1BAEF09400271261 /* Products */ = {
			isa = PBXGroup;
			children = (
				DCC8896D1BAEF09400271261 /* What's the Weather.app */,
			);
			name = Products;
			sourceTree = "<group>";
		};
		DCC8896F1BAEF09400271261 /* What's the Weather */ = {
			isa = PBXGroup;
			children = (
				DCC889701BAEF09400271261 /* AppDelegate.swift */,
				DCC889721BAEF09400271261 /* ViewController.swift */,
				DCC889741BAEF09400271261 /* Main.storyboard */,
				DCC889821BAEF0A200271261 /* background.png */,
				DCC889771BAEF09400271261 /* Assets.xcassets */,
				DCC889791BAEF09400271261 /* LaunchScreen.storyboard */,
				DCC8897C1BAEF09400271261 /* Info.plist */,
			);
			path = "What's the Weather";
			sourceTree = "<group>";
		};
/* End PBXGroup section */

/* Begin PBXNativeTarget section */
		DCC8896C1BAEF09400271261 /* What's the Weather */ = {
			isa = PBXNativeTarget;
			buildConfigurationList = DCC8897F1BAEF09400271261 /* Build configuration list for PBXNativeTarget "What's the Weather" */;
			buildPhases = (
				DCC889691BAEF09400271261 /* Sources */,
				DCC8896A1BAEF09400271261 /* Frameworks */,
				DCC8896B1BAEF09400271261 /* Resources */,
			);
			buildRules = (
			);
			dependencies = (
			);
			name = "What's the Weather";
			productName = "What's the Weather";
			productReference = DCC8896D1BAEF09400271261 /* What's the Weather.app */;
			productType = "com.apple.product-type.application";
		};
/* End PBXNativeTarget section */

/* Begin PBXProject section */
		DCC889651BAEF09400271261 /* Project object */ = {
			isa = PBXProject;
			attributes = {
				LastUpgradeCheck = 0700;
				ORGANIZATIONNAME = Kersuzan;
				TargetAttributes = {
					DCC8896C1BAEF09400271261 = {
						CreatedOnToolsVersion = 7.0;
					};
				};
			};
			buildConfigurationList = DCC889681BAEF09400271261 /* Build configuration list for PBXProject "What's the Weather" */;
			compatibilityVersion = "Xcode 3.2";
			developmentRegion = English;
			hasScannedForEncodings = 0;
			knownRegions = (
				en,
				Base,
			);
			mainGroup = DCC889641BAEF09300271261;
			productRefGroup = DCC8896E1BAEF09400271261 /* Products */;
			projectDirPath = "";
			projectRoot = "";
			targets = (
				DCC8896C1BAEF09400271261 /* What's the Weather */,
			);
		};
/* End PBXProject section */

/* Begin PBXResourcesBuildPhase section */
		DCC8896B1BAEF09400271261 /* Resources */ = {
			isa = PBXResourcesBuildPhase;
			buildActionMask = 2147483647;
			files = (
				DCC8897B1BAEF09400271261 /* LaunchScreen.storyboard in Resources */,
				DCC889831BAEF0A200271261 /* background.png in Resources */,
				DCC889781BAEF09400271261 /* Assets.xcassets in Resources */,
				DCC889761BAEF09400271261 /* Main.storyboard in Resources */,
			);
			runOnlyForDeploymentPostprocessing = 0;
		};
/* End PBXResourcesBuildPhase section */

/* Begin PBXSourcesBuildPhase section */
		DCC889691BAEF09400271261 /* Sources */ = {
			isa = PBXSourcesBuildPhase;
			buildActionMask = 2147483647;
			files = (
				DCC889731BAEF09400271261 /* ViewController.swift in Sources */,
				DCC889711BAEF09400271261 /* AppDelegate.swift in Sources */,
			);
			runOnlyForDeploymentPostprocessing = 0;
		};
/* End PBXSourcesBuildPhase section */

/* Begin PBXVariantGroup section */
		DCC889741BAEF09400271261 /* Main.storyboard */ = {
			isa = PBXVariantGroup;
			children = (
				DCC889751BAEF09400271261 /* Base */,
			);
			name = Main.storyboard;
			sourceTree = "<group>";
		};
		DCC889791BAEF09400271261 /* LaunchScreen.storyboard */ = {
			isa = PBXVariantGroup;
			children = (
				DCC8897A1BAEF09400271261 /* Base */,
			);
			name = LaunchScreen.storyboard;
			sourceTree = "<group>";
		};
/* End PBXVariantGroup section */

/* Begin XCBuildConfiguration section */
		DCC8897D1BAEF09400271261 /* Debug */ = {
			isa = XCBuildConfiguration;
			buildSettings = {
				ALWAYS_SEARCH_USER_PATHS = NO;
				CLANG_CXX_LANGUAGE_STANDARD = "gnu++0x";
				CLANG_CXX_LIBRARY = "libc++";
				CLANG_ENABLE_MODULES = YES;
				CLANG_ENABLE_OBJC_ARC = YES;
				CLANG_WARN_BOOL_CONVERSION = YES;
				CLANG_WARN_CONSTANT_CONVERSION = YES;
				CLANG_WARN_DIRECT_OBJC_ISA_USAGE = YES_ERROR;
				CLANG_WARN_EMPTY_BODY = YES;
				CLANG_WARN_ENUM_CONVERSION = YES;
				CLANG_WARN_INT_CONVERSION = YES;
				CLANG_WARN_OBJC_ROOT_CLASS = YES_ERROR;
				CLANG_WARN_UNREACHABLE_CODE = YES;
				CLANG_WARN__DUPLICATE_METHOD_MATCH = YES;
				"CODE_SIGN_IDENTITY[sdk=iphoneos*]" = "iPhone Developer";
				COPY_PHASE_STRIP = NO;
				DEBUG_INFORMATION_FORMAT = dwarf;
				ENABLE_STRICT_OBJC_MSGSEND = YES;
				ENABLE_TESTABILITY = YES;
				GCC_C_LANGUAGE_STANDARD = gnu99;
				GCC_DYNAMIC_NO_PIC = NO;
				GCC_NO_COMMON_BLOCKS = YES;
				GCC_OPTIMIZATION_LEVEL = 0;
				GCC_PREPROCESSOR_DEFINITIONS = (
					"DEBUG=1",
					"$(inherited)",
				);
				GCC_WARN_64_TO_32_BIT_CONVERSION = YES;
				GCC_WARN_ABOUT_RETURN_TYPE = YES_ERROR;
				GCC_WARN_UNDECLARED_SELECTOR = YES;
				GCC_WARN_UNINITIALIZED_AUTOS = YES_AGGRESSIVE;
				GCC_WARN_UNUSED_FUNCTION = YES;
				GCC_WARN_UNUSED_VARIABLE = YES;
				IPHONEOS_DEPLOYMENT_TARGET = 9.0;
				MTL_ENABLE_DEBUG_INFO = YES;
				ONLY_ACTIVE_ARCH = YES;
				SDKROOT = iphoneos;
				SWIFT_OPTIMIZATION_LEVEL = "-Onone";
			};
			name = Debug;
		};
		DCC8897E1BAEF09400271261 /* Release */ = {
			isa = XCBuildConfiguration;
			buildSettings = {
				ALWAYS_SEARCH_USER_PATHS = NO;
				CLANG_CXX_LANGUAGE_STANDARD = "gnu++0x";
				CLANG_CXX_LIBRARY = "libc++";
				CLANG_ENABLE_MODULES = YES;
				CLANG_ENABLE_OBJC_ARC = YES;
				CLANG_WARN_BOOL_CONVERSION = YES;
				CLANG_WARN_CONSTANT_CONVERSION = YES;
				CLANG_WARN_DIRECT_OBJC_ISA_USAGE = YES_ERROR;
				CLANG_WARN_EMPTY_BODY = YES;
				CLANG_WARN_ENUM_CONVERSION = YES;
				CLANG_WARN_INT_CONVERSION = YES;
				CLANG_WARN_OBJC_ROOT_CLASS = YES_ERROR;
				CLANG_WARN_UNREACHABLE_CODE = YES;
				CLANG_WARN__DUPLICATE_METHOD_MATCH = YES;
				"CODE_SIGN_IDENTITY[sdk=iphoneos*]" = "iPhone Developer";
				COPY_PHASE_STRIP = NO;
				DEBUG_INFORMATION_FORMAT = "dwarf-with-dsym";
				ENABLE_NS_ASSERTIONS = NO;
				ENABLE_STRICT_OBJC_MSGSEND = YES;
				GCC_C_LANGUAGE_STANDARD = gnu99;
				GCC_NO_COMMON_BLOCKS = YES;
				GCC_WARN_64_TO_32_BIT_CONVERSION = YES;
				GCC_WARN_ABOUT_RETURN_TYPE = YES_ERROR;
				GCC_WARN_UNDECLARED_SELECTOR = YES;
				GCC_WARN_UNINITIALIZED_AUTOS = YES_AGGRESSIVE;
				GCC_WARN_UNUSED_FUNCTION = YES;
				GCC_WARN_UNUSED_VARIABLE = YES;
				IPHONEOS_DEPLOYMENT_TARGET = 9.0;
				MTL_ENABLE_DEBUG_INFO = NO;
				SDKROOT = iphoneos;
				VALIDATE_PRODUCT = YES;
			};
			name = Release;
		};
		DCC889801BAEF09400271261 /* Debug */ = {
			isa = XCBuildConfiguration;
			buildSettings = {
				ASSETCATALOG_COMPILER_APPICON_NAME = AppIcon;
				INFOPLIST_FILE = "What's the Weather/Info.plist";
				LD_RUNPATH_SEARCH_PATHS = "$(inherited) @executable_path/Frameworks";
				PRODUCT_BUNDLE_IDENTIFIER = "com.kersuzan.What-s-the-Weather";
				PRODUCT_NAME = "$(TARGET_NAME)";
			};
			name = Debug;
		};
		DCC889811BAEF09400271261 /* Release */ = {
			isa = XCBuildConfiguration;
			buildSettings = {
				ASSETCATALOG_COMPILER_APPICON_NAME = AppIcon;
				INFOPLIST_FILE = "What's the Weather/Info.plist";
				LD_RUNPATH_SEARCH_PATHS = "$(inherited) @executable_path/Frameworks";
				PRODUCT_BUNDLE_IDENTIFIER = "com.kersuzan.What-s-the-Weather";
				PRODUCT_NAME = "$(TARGET_NAME)";
			};
			name = Release;
		};
/* End XCBuildConfiguration section */

/* Begin XCConfigurationList section */
		DCC889681BAEF09400271261 /* Build configuration list for PBXProject "What's the Weather" */ = {
			isa = XCConfigurationList;
			buildConfigurations = (
				DCC8897D1BAEF09400271261 /* Debug */,
				DCC8897E1BAEF09400271261 /* Release */,
			);
			defaultConfigurationIsVisible = 0;
			defaultConfigurationName = Release;
		};
		DCC8897F1BAEF09400271261 /* Build configuration list for PBXNativeTarget "What's the Weather" */ = {
			isa = XCConfigurationList;
			buildConfigurations = (
				DCC889801BAEF09400271261 /* Debug */,
				DCC889811BAEF09400271261 /* Release */,
			);
			defaultConfigurationIsVisible = 0;
		};
/* End XCConfigurationList section */
	};
	rootObject = DCC889651BAEF09400271261 /* Project object */;
}
